
Microsoft Visual Studio Solution File, Format Version 11.00
# Visual Studio 2010
Project("{159641D6-6404-4A2A-AE62-294DE0FE8301}") = "DoAnOlap1516", "DoAnOlap1516\DoAnOlap1516.dtproj", "{B360F5B1-216E-4BF9-A214-64B4757A8243}"
EndProject
Global
	GlobalSection(SolutionConfigurationPlatforms) = preSolution
		Development|Default = Development|Default
	EndGlobalSection
	GlobalSection(ProjectConfigurationPlatforms) = postSolution
		{B360F5B1-216E-4BF9-A214-64B4757A8243}.Development|Default.ActiveCfg = Development
		{B360F5B1-216E-4BF9-A214-64B4757A8243}.Development|Default.Build.0 = Development
	EndGlobalSection
	GlobalSection(SolutionProperties) = preSolution
		HideSolutionNode = FALSE
	EndGlobalSection
EndGlobal
