
Microsoft Visual Studio Solution File, Format Version 11.00
# Visual Studio 2010
Project("{D2ABAB84-BF74-430A-B69E-9DC6D40DDA17}") = "AnalysisDoAnOLAP", "AnalysisDoAnOLAP\AnalysisDoAnOLAP.dwproj", "{824C6A32-47C9-4892-BF8A-433AC921E341}"
EndProject
Global
	GlobalSection(SolutionConfigurationPlatforms) = preSolution
		Development|Default = Development|Default
	EndGlobalSection
	GlobalSection(ProjectConfigurationPlatforms) = postSolution
		{824C6A32-47C9-4892-BF8A-433AC921E341}.Development|Default.ActiveCfg = Development
		{824C6A32-47C9-4892-BF8A-433AC921E341}.Development|Default.Build.0 = Development
		{824C6A32-47C9-4892-BF8A-433AC921E341}.Development|Default.Deploy.0 = Development
	EndGlobalSection
	GlobalSection(SolutionProperties) = preSolution
		HideSolutionNode = FALSE
	EndGlobalSection
EndGlobal
